
Microsoft Visual Studio Solution File, Format Version 12.00
# Visual Studio Version 17
VisualStudioVersion = 17.0.31903.59
MinimumVisualStudioVersion = 10.0.40219.1
Project("{FAE04EC0-301F-11D3-BF4B-00C04F79EFBC}") = "SupportAgent.Domain", "SupportAgent.Domain\SupportAgent.Domain.csproj", "{6D685A40-D488-4001-86CD-2D83DD6AA8E8}"
EndProject
Project("{FAE04EC0-301F-11D3-BF4B-00C04F79EFBC}") = "SupportAgent.Application", "SupportAgent.Application\SupportAgent.Application.csproj", "{85293F0D-569B-4DC2-A780-9B0428F07C0D}"
EndProject
Project("{FAE04EC0-301F-11D3-BF4B-00C04F79EFBC}") = "SupportAgent.Infrastructure", "SupportAgent.Infrastructure\SupportAgent.Infrastructure.csproj", "{B96F3FCA-8181-4BDD-AE3D-7448E7AAF581}"
EndProject
Project("{FAE04EC0-301F-11D3-BF4B-00C04F79EFBC}") = "SupportAgent.Api", "SupportAgent.Api\SupportAgent.Api.csproj", "{C4CEB827-513B-4803-9C64-D023FBFAD4FE}"
EndProject
Project("{FAE04EC0-301F-11D3-BF4B-00C04F79EFBC}") = "SupportAgent.Worker", "SupportAgent.Worker\SupportAgent.Worker.csproj", "{8FA63FF1-4FAB-40BC-85F9-B2A866830286}"
EndProject
Global
	GlobalSection(SolutionConfigurationPlatforms) = preSolution
		Debug|Any CPU = Debug|Any CPU
		Debug|x64 = Debug|x64
		Debug|x86 = Debug|x86
		Release|Any CPU = Release|Any CPU
		Release|x64 = Release|x64
		Release|x86 = Release|x86
	EndGlobalSection
	GlobalSection(ProjectConfigurationPlatforms) = postSolution
		{6D685A40-D488-4001-86CD-2D83DD6AA8E8}.Debug|Any CPU.ActiveCfg = Debug|Any CPU
		{6D685A40-D488-4001-86CD-2D83DD6AA8E8}.Debug|Any CPU.Build.0 = Debug|Any CPU
		{6D685A40-D488-4001-86CD-2D83DD6AA8E8}.Debug|x64.ActiveCfg = Debug|Any CPU
		{6D685A40-D488-4001-86CD-2D83DD6AA8E8}.Debug|x64.Build.0 = Debug|Any CPU
		{6D685A40-D488-4001-86CD-2D83DD6AA8E8}.Debug|x86.ActiveCfg = Debug|Any CPU
		{6D685A40-D488-4001-86CD-2D83DD6AA8E8}.Debug|x86.Build.0 = Debug|Any CPU
		{6D685A40-D488-4001-86CD-2D83DD6AA8E8}.Release|Any CPU.ActiveCfg = Release|Any CPU
		{6D685A40-D488-4001-86CD-2D83DD6AA8E8}.Release|Any CPU.Build.0 = Release|Any CPU
		{6D685A40-D488-4001-86CD-2D83DD6AA8E8}.Release|x64.ActiveCfg = Release|Any CPU
		{6D685A40-D488-4001-86CD-2D83DD6AA8E8}.Release|x64.Build.0 = Release|Any CPU
		{6D685A40-D488-4001-86CD-2D83DD6AA8E8}.Release|x86.ActiveCfg = Release|Any CPU
		{6D685A40-D488-4001-86CD-2D83DD6AA8E8}.Release|x86.Build.0 = Release|Any CPU
		{85293F0D-569B-4DC2-A780-9B0428F07C0D}.Debug|Any CPU.ActiveCfg = Debug|Any CPU
		{85293F0D-569B-4DC2-A780-9B0428F07C0D}.Debug|Any CPU.Build.0 = Debug|Any CPU
		{85293F0D-569B-4DC2-A780-9B0428F07C0D}.Debug|x64.ActiveCfg = Debug|Any CPU
		{85293F0D-569B-4DC2-A780-9B0428F07C0D}.Debug|x64.Build.0 = Debug|Any CPU
		{85293F0D-569B-4DC2-A780-9B0428F07C0D}.Debug|x86.ActiveCfg = Debug|Any CPU
		{85293F0D-569B-4DC2-A780-9B0428F07C0D}.Debug|x86.Build.0 = Debug|Any CPU
		{85293F0D-569B-4DC2-A780-9B0428F07C0D}.Release|Any CPU.ActiveCfg = Release|Any CPU
		{85293F0D-569B-4DC2-A780-9B0428F07C0D}.Release|Any CPU.Build.0 = Release|Any CPU
		{85293F0D-569B-4DC2-A780-9B0428F07C0D}.Release|x64.ActiveCfg = Release|Any CPU
		{85293F0D-569B-4DC2-A780-9B0428F07C0D}.Release|x64.Build.0 = Release|Any CPU
		{85293F0D-569B-4DC2-A780-9B0428F07C0D}.Release|x86.ActiveCfg = Release|Any CPU
		{85293F0D-569B-4DC2-A780-9B0428F07C0D}.Release|x86.Build.0 = Release|Any CPU
		{B96F3FCA-8181-4BDD-AE3D-7448E7AAF581}.Debug|Any CPU.ActiveCfg = Debug|Any CPU
		{B96F3FCA-8181-4BDD-AE3D-7448E7AAF581}.Debug|Any CPU.Build.0 = Debug|Any CPU
		{B96F3FCA-8181-4BDD-AE3D-7448E7AAF581}.Debug|x64.ActiveCfg = Debug|Any CPU
		{B96F3FCA-8181-4BDD-AE3D-7448E7AAF581}.Debug|x64.Build.0 = Debug|Any CPU
		{B96F3FCA-8181-4BDD-AE3D-7448E7AAF581}.Debug|x86.ActiveCfg = Debug|Any CPU
		{B96F3FCA-8181-4BDD-AE3D-7448E7AAF581}.Debug|x86.Build.0 = Debug|Any CPU
		{B96F3FCA-8181-4BDD-AE3D-7448E7AAF581}.Release|Any CPU.ActiveCfg = Release|Any CPU
		{B96F3FCA-8181-4BDD-AE3D-7448E7AAF581}.Release|Any CPU.Build.0 = Release|Any CPU
		{B96F3FCA-8181-4BDD-AE3D-7448E7AAF581}.Release|x64.ActiveCfg = Release|Any CPU
		{B96F3FCA-8181-4BDD-AE3D-7448E7AAF581}.Release|x64.Build.0 = Release|Any CPU
		{B96F3FCA-8181-4BDD-AE3D-7448E7AAF581}.Release|x86.ActiveCfg = Release|Any CPU
		{B96F3FCA-8181-4BDD-AE3D-7448E7AAF581}.Release|x86.Build.0 = Release|Any CPU
		{C4CEB827-513B-4803-9C64-D023FBFAD4FE}.Debug|Any CPU.ActiveCfg = Debug|Any CPU
		{C4CEB827-513B-4803-9C64-D023FBFAD4FE}.Debug|Any CPU.Build.0 = Debug|Any CPU
		{C4CEB827-513B-4803-9C64-D023FBFAD4FE}.Debug|x64.ActiveCfg = Debug|Any CPU
		{C4CEB827-513B-4803-9C64-D023FBFAD4FE}.Debug|x64.Build.0 = Debug|Any CPU
		{C4CEB827-513B-4803-9C64-D023FBFAD4FE}.Debug|x86.ActiveCfg = Debug|Any CPU
		{C4CEB827-513B-4803-9C64-D023FBFAD4FE}.Debug|x86.Build.0 = Debug|Any CPU
		{C4CEB827-513B-4803-9C64-D023FBFAD4FE}.Release|Any CPU.ActiveCfg = Release|Any CPU
		{C4CEB827-513B-4803-9C64-D023FBFAD4FE}.Release|Any CPU.Build.0 = Release|Any CPU
		{C4CEB827-513B-4803-9C64-D023FBFAD4FE}.Release|x64.ActiveCfg = Release|Any CPU
		{C4CEB827-513B-4803-9C64-D023FBFAD4FE}.Release|x64.Build.0 = Release|Any CPU
		{C4CEB827-513B-4803-9C64-D023FBFAD4FE}.Release|x86.ActiveCfg = Release|Any CPU
		{C4CEB827-513B-4803-9C64-D023FBFAD4FE}.Release|x86.Build.0 = Release|Any CPU
		{8FA63FF1-4FAB-40BC-85F9-B2A866830286}.Debug|Any CPU.ActiveCfg = Debug|Any CPU
		{8FA63FF1-4FAB-40BC-85F9-B2A866830286}.Debug|Any CPU.Build.0 = Debug|Any CPU
		{8FA63FF1-4FAB-40BC-85F9-B2A866830286}.Debug|x64.ActiveCfg = Debug|Any CPU
		{8FA63FF1-4FAB-40BC-85F9-B2A866830286}.Debug|x64.Build.0 = Debug|Any CPU
		{8FA63FF1-4FAB-40BC-85F9-B2A866830286}.Debug|x86.ActiveCfg = Debug|Any CPU
		{8FA63FF1-4FAB-40BC-85F9-B2A866830286}.Debug|x86.Build.0 = Debug|Any CPU
		{8FA63FF1-4FAB-40BC-85F9-B2A866830286}.Release|Any CPU.ActiveCfg = Release|Any CPU
		{8FA63FF1-4FAB-40BC-85F9-B2A866830286}.Release|Any CPU.Build.0 = Release|Any CPU
		{8FA63FF1-4FAB-40BC-85F9-B2A866830286}.Release|x64.ActiveCfg = Release|Any CPU
		{8FA63FF1-4FAB-40BC-85F9-B2A866830286}.Release|x64.Build.0 = Release|Any CPU
		{8FA63FF1-4FAB-40BC-85F9-B2A866830286}.Release|x86.ActiveCfg = Release|Any CPU
		{8FA63FF1-4FAB-40BC-85F9-B2A866830286}.Release|x86.Build.0 = Release|Any CPU
	EndGlobalSection
	GlobalSection(SolutionProperties) = preSolution
		HideSolutionNode = FALSE
	EndGlobalSection
EndGlobal
